
Microsoft Visual Studio Solution File, Format Version 12.00
# Visual Studio 14
VisualStudioVersion = 14.0.25420.1
MinimumVisualStudioVersion = 10.0.40219.1
Project("{FAE04EC0-301F-11D3-BF4B-00C04F79EFBC}") = "Qhyhgf.WeiXin.Qy.Api", "WeiXin.Api\Qhyhgf.WeiXin.Qy.Api.csproj", "{00185612-D22A-4DF4-A611-E3D81D8F07EA}"
EndProject
Project("{FAE04EC0-301F-11D3-BF4B-00C04F79EFBC}") = "Qhyhgf.Orm", "Qhyhgf.Orm\Qhyhgf.Orm.csproj", "{657162D8-6B94-42CE-B2A7-782491502956}"
EndProject
Project("{FAE04EC0-301F-11D3-BF4B-00C04F79EFBC}") = "Qhyhgf.Model", "Qhyhgf.Model\Qhyhgf.Model.csproj", "{A813582F-A520-4F1F-9ACD-EFAD0D69E19F}"
EndProject
Project("{FAE04EC0-301F-11D3-BF4B-00C04F79EFBC}") = "WeiXin.WebApp", "WeiXin.WebApp\WeiXin.WebApp.csproj", "{68492C92-CB3A-48DD-B1BA-598DAF3C8B1C}"
EndProject
Project("{FAE04EC0-301F-11D3-BF4B-00C04F79EFBC}") = "Qhyhgf.Orm.Test", "Qhyhgf.Orm.Test\Qhyhgf.Orm.Test.csproj", "{FFA0B7E0-9A73-48A0-A72E-78220D4BB00A}"
EndProject
Project("{2150E333-8FDC-42A3-9474-1A3956D46DE8}") = "设计模式学习", "设计模式学习", "{61651F59-88EC-41D7-B299-01EA05C0826A}"
EndProject
Project("{FAE04EC0-301F-11D3-BF4B-00C04F79EFBC}") = "策略模式(01)", "策略模式\策略模式(01).csproj", "{9CD9C7A9-899B-4C85-A257-F974B2824690}"
EndProject
Project("{FAE04EC0-301F-11D3-BF4B-00C04F79EFBC}") = "观察者模式(02)", "观察者模式\观察者模式(02).csproj", "{59A477AF-1487-45E4-B9F0-D27CBC15FA98}"
EndProject
Project("{2150E333-8FDC-42A3-9474-1A3956D46DE8}") = "ORM", "ORM", "{E3A45AFF-AD9D-4BD5-94B0-26B9ED4EBEBB}"
EndProject
Project("{2150E333-8FDC-42A3-9474-1A3956D46DE8}") = "WeiXin", "WeiXin", "{3EBA103C-E2F8-4CF7-A7BB-EDBA99AD8F00}"
EndProject
Project("{FAE04EC0-301F-11D3-BF4B-00C04F79EFBC}") = "装饰者模式(03)", "装饰者模式\装饰者模式(03).csproj", "{E9E6B579-3D13-4E91-8E0A-B2C5C810F154}"
EndProject
Project("{FAE04EC0-301F-11D3-BF4B-00C04F79EFBC}") = "Qhyhgf.WeiXin.Qy.Api.Test", "Qhyhgf.WeiXin.Qy.Api.Test\Qhyhgf.WeiXin.Qy.Api.Test.csproj", "{18F19135-1079-4D8E-A727-55ABB229FB9A}"
EndProject
Project("{FAE04EC0-301F-11D3-BF4B-00C04F79EFBC}") = "状态模式(04)", "状态模式\状态模式(04).csproj", "{E0879C6E-0A93-410B-B722-767A28C1FAAB}"
EndProject
Global
	GlobalSection(SolutionConfigurationPlatforms) = preSolution
		Debug|Any CPU = Debug|Any CPU
		Debug|Mixed Platforms = Debug|Mixed Platforms
		Debug|x86 = Debug|x86
		Release|Any CPU = Release|Any CPU
		Release|Mixed Platforms = Release|Mixed Platforms
		Release|x86 = Release|x86
	EndGlobalSection
	GlobalSection(ProjectConfigurationPlatforms) = postSolution
		{00185612-D22A-4DF4-A611-E3D81D8F07EA}.Debug|Any CPU.ActiveCfg = Debug|Any CPU
		{00185612-D22A-4DF4-A611-E3D81D8F07EA}.Debug|Any CPU.Build.0 = Debug|Any CPU
		{00185612-D22A-4DF4-A611-E3D81D8F07EA}.Debug|Mixed Platforms.ActiveCfg = Debug|Any CPU
		{00185612-D22A-4DF4-A611-E3D81D8F07EA}.Debug|Mixed Platforms.Build.0 = Debug|Any CPU
		{00185612-D22A-4DF4-A611-E3D81D8F07EA}.Debug|x86.ActiveCfg = Debug|Any CPU
		{00185612-D22A-4DF4-A611-E3D81D8F07EA}.Release|Any CPU.ActiveCfg = Release|Any CPU
		{00185612-D22A-4DF4-A611-E3D81D8F07EA}.Release|Any CPU.Build.0 = Release|Any CPU
		{00185612-D22A-4DF4-A611-E3D81D8F07EA}.Release|Mixed Platforms.ActiveCfg = Release|Any CPU
		{00185612-D22A-4DF4-A611-E3D81D8F07EA}.Release|Mixed Platforms.Build.0 = Release|Any CPU
		{00185612-D22A-4DF4-A611-E3D81D8F07EA}.Release|x86.ActiveCfg = Release|Any CPU
		{657162D8-6B94-42CE-B2A7-782491502956}.Debug|Any CPU.ActiveCfg = Debug|Any CPU
		{657162D8-6B94-42CE-B2A7-782491502956}.Debug|Any CPU.Build.0 = Debug|Any CPU
		{657162D8-6B94-42CE-B2A7-782491502956}.Debug|Mixed Platforms.ActiveCfg = Debug|Any CPU
		{657162D8-6B94-42CE-B2A7-782491502956}.Debug|Mixed Platforms.Build.0 = Debug|Any CPU
		{657162D8-6B94-42CE-B2A7-782491502956}.Debug|x86.ActiveCfg = Debug|Any CPU
		{657162D8-6B94-42CE-B2A7-782491502956}.Release|Any CPU.ActiveCfg = Release|Any CPU
		{657162D8-6B94-42CE-B2A7-782491502956}.Release|Any CPU.Build.0 = Release|Any CPU
		{657162D8-6B94-42CE-B2A7-782491502956}.Release|Mixed Platforms.ActiveCfg = Release|Any CPU
		{657162D8-6B94-42CE-B2A7-782491502956}.Release|Mixed Platforms.Build.0 = Release|Any CPU
		{657162D8-6B94-42CE-B2A7-782491502956}.Release|x86.ActiveCfg = Release|Any CPU
		{A813582F-A520-4F1F-9ACD-EFAD0D69E19F}.Debug|Any CPU.ActiveCfg = Debug|Any CPU
		{A813582F-A520-4F1F-9ACD-EFAD0D69E19F}.Debug|Any CPU.Build.0 = Debug|Any CPU
		{A813582F-A520-4F1F-9ACD-EFAD0D69E19F}.Debug|Mixed Platforms.ActiveCfg = Debug|Any CPU
		{A813582F-A520-4F1F-9ACD-EFAD0D69E19F}.Debug|Mixed Platforms.Build.0 = Debug|Any CPU
		{A813582F-A520-4F1F-9ACD-EFAD0D69E19F}.Debug|x86.ActiveCfg = Debug|Any CPU
		{A813582F-A520-4F1F-9ACD-EFAD0D69E19F}.Release|Any CPU.ActiveCfg = Release|Any CPU
		{A813582F-A520-4F1F-9ACD-EFAD0D69E19F}.Release|Any CPU.Build.0 = Release|Any CPU
		{A813582F-A520-4F1F-9ACD-EFAD0D69E19F}.Release|Mixed Platforms.ActiveCfg = Release|Any CPU
		{A813582F-A520-4F1F-9ACD-EFAD0D69E19F}.Release|Mixed Platforms.Build.0 = Release|Any CPU
		{A813582F-A520-4F1F-9ACD-EFAD0D69E19F}.Release|x86.ActiveCfg = Release|Any CPU
		{68492C92-CB3A-48DD-B1BA-598DAF3C8B1C}.Debug|Any CPU.ActiveCfg = Debug|Any CPU
		{68492C92-CB3A-48DD-B1BA-598DAF3C8B1C}.Debug|Any CPU.Build.0 = Debug|Any CPU
		{68492C92-CB3A-48DD-B1BA-598DAF3C8B1C}.Debug|Mixed Platforms.ActiveCfg = Debug|Any CPU
		{68492C92-CB3A-48DD-B1BA-598DAF3C8B1C}.Debug|Mixed Platforms.Build.0 = Debug|Any CPU
		{68492C92-CB3A-48DD-B1BA-598DAF3C8B1C}.Debug|x86.ActiveCfg = Debug|Any CPU
		{68492C92-CB3A-48DD-B1BA-598DAF3C8B1C}.Release|Any CPU.ActiveCfg = Release|Any CPU
		{68492C92-CB3A-48DD-B1BA-598DAF3C8B1C}.Release|Any CPU.Build.0 = Release|Any CPU
		{68492C92-CB3A-48DD-B1BA-598DAF3C8B1C}.Release|Mixed Platforms.ActiveCfg = Release|Any CPU
		{68492C92-CB3A-48DD-B1BA-598DAF3C8B1C}.Release|Mixed Platforms.Build.0 = Release|Any CPU
		{68492C92-CB3A-48DD-B1BA-598DAF3C8B1C}.Release|x86.ActiveCfg = Release|Any CPU
		{FFA0B7E0-9A73-48A0-A72E-78220D4BB00A}.Debug|Any CPU.ActiveCfg = Debug|x86
		{FFA0B7E0-9A73-48A0-A72E-78220D4BB00A}.Debug|Mixed Platforms.ActiveCfg = Debug|x86
		{FFA0B7E0-9A73-48A0-A72E-78220D4BB00A}.Debug|Mixed Platforms.Build.0 = Debug|x86
		{FFA0B7E0-9A73-48A0-A72E-78220D4BB00A}.Debug|x86.ActiveCfg = Debug|x86
		{FFA0B7E0-9A73-48A0-A72E-78220D4BB00A}.Debug|x86.Build.0 = Debug|x86
		{FFA0B7E0-9A73-48A0-A72E-78220D4BB00A}.Release|Any CPU.ActiveCfg = Release|x86
		{FFA0B7E0-9A73-48A0-A72E-78220D4BB00A}.Release|Mixed Platforms.ActiveCfg = Release|x86
		{FFA0B7E0-9A73-48A0-A72E-78220D4BB00A}.Release|Mixed Platforms.Build.0 = Release|x86
		{FFA0B7E0-9A73-48A0-A72E-78220D4BB00A}.Release|x86.ActiveCfg = Release|x86
		{FFA0B7E0-9A73-48A0-A72E-78220D4BB00A}.Release|x86.Build.0 = Release|x86
		{9CD9C7A9-899B-4C85-A257-F974B2824690}.Debug|Any CPU.ActiveCfg = Debug|Any CPU
		{9CD9C7A9-899B-4C85-A257-F974B2824690}.Debug|Any CPU.Build.0 = Debug|Any CPU
		{9CD9C7A9-899B-4C85-A257-F974B2824690}.Debug|Mixed Platforms.ActiveCfg = Debug|Any CPU
		{9CD9C7A9-899B-4C85-A257-F974B2824690}.Debug|Mixed Platforms.Build.0 = Debug|Any CPU
		{9CD9C7A9-899B-4C85-A257-F974B2824690}.Debug|x86.ActiveCfg = Debug|Any CPU
		{9CD9C7A9-899B-4C85-A257-F974B2824690}.Debug|x86.Build.0 = Debug|Any CPU
		{9CD9C7A9-899B-4C85-A257-F974B2824690}.Release|Any CPU.ActiveCfg = Release|Any CPU
		{9CD9C7A9-899B-4C85-A257-F974B2824690}.Release|Any CPU.Build.0 = Release|Any CPU
		{9CD9C7A9-899B-4C85-A257-F974B2824690}.Release|Mixed Platforms.ActiveCfg = Release|Any CPU
		{9CD9C7A9-899B-4C85-A257-F974B2824690}.Release|Mixed Platforms.Build.0 = Release|Any CPU
		{9CD9C7A9-899B-4C85-A257-F974B2824690}.Release|x86.ActiveCfg = Release|Any CPU
		{9CD9C7A9-899B-4C85-A257-F974B2824690}.Release|x86.Build.0 = Release|Any CPU
		{59A477AF-1487-45E4-B9F0-D27CBC15FA98}.Debug|Any CPU.ActiveCfg = Debug|Any CPU
		{59A477AF-1487-45E4-B9F0-D27CBC15FA98}.Debug|Any CPU.Build.0 = Debug|Any CPU
		{59A477AF-1487-45E4-B9F0-D27CBC15FA98}.Debug|Mixed Platforms.ActiveCfg = Debug|Any CPU
		{59A477AF-1487-45E4-B9F0-D27CBC15FA98}.Debug|Mixed Platforms.Build.0 = Debug|Any CPU
		{59A477AF-1487-45E4-B9F0-D27CBC15FA98}.Debug|x86.ActiveCfg = Debug|Any CPU
		{59A477AF-1487-45E4-B9F0-D27CBC15FA98}.Debug|x86.Build.0 = Debug|Any CPU
		{59A477AF-1487-45E4-B9F0-D27CBC15FA98}.Release|Any CPU.ActiveCfg = Release|Any CPU
		{59A477AF-1487-45E4-B9F0-D27CBC15FA98}.Release|Any CPU.Build.0 = Release|Any CPU
		{59A477AF-1487-45E4-B9F0-D27CBC15FA98}.Release|Mixed Platforms.ActiveCfg = Release|Any CPU
		{59A477AF-1487-45E4-B9F0-D27CBC15FA98}.Release|Mixed Platforms.Build.0 = Release|Any CPU
		{59A477AF-1487-45E4-B9F0-D27CBC15FA98}.Release|x86.ActiveCfg = Release|Any CPU
		{59A477AF-1487-45E4-B9F0-D27CBC15FA98}.Release|x86.Build.0 = Release|Any CPU
		{E9E6B579-3D13-4E91-8E0A-B2C5C810F154}.Debug|Any CPU.ActiveCfg = Debug|Any CPU
		{E9E6B579-3D13-4E91-8E0A-B2C5C810F154}.Debug|Any CPU.Build.0 = Debug|Any CPU
		{E9E6B579-3D13-4E91-8E0A-B2C5C810F154}.Debug|Mixed Platforms.ActiveCfg = Debug|Any CPU
		{E9E6B579-3D13-4E91-8E0A-B2C5C810F154}.Debug|Mixed Platforms.Build.0 = Debug|Any CPU
		{E9E6B579-3D13-4E91-8E0A-B2C5C810F154}.Debug|x86.ActiveCfg = Debug|Any CPU
		{E9E6B579-3D13-4E91-8E0A-B2C5C810F154}.Debug|x86.Build.0 = Debug|Any CPU
		{E9E6B579-3D13-4E91-8E0A-B2C5C810F154}.Release|Any CPU.ActiveCfg = Release|Any CPU
		{E9E6B579-3D13-4E91-8E0A-B2C5C810F154}.Release|Any CPU.Build.0 = Release|Any CPU
		{E9E6B579-3D13-4E91-8E0A-B2C5C810F154}.Release|Mixed Platforms.ActiveCfg = Release|Any CPU
		{E9E6B579-3D13-4E91-8E0A-B2C5C810F154}.Release|Mixed Platforms.Build.0 = Release|Any CPU
		{E9E6B579-3D13-4E91-8E0A-B2C5C810F154}.Release|x86.ActiveCfg = Release|Any CPU
		{E9E6B579-3D13-4E91-8E0A-B2C5C810F154}.Release|x86.Build.0 = Release|Any CPU
		{18F19135-1079-4D8E-A727-55ABB229FB9A}.Debug|Any CPU.ActiveCfg = Debug|Any CPU
		{18F19135-1079-4D8E-A727-55ABB229FB9A}.Debug|Any CPU.Build.0 = Debug|Any CPU
		{18F19135-1079-4D8E-A727-55ABB229FB9A}.Debug|Mixed Platforms.ActiveCfg = Debug|Any CPU
		{18F19135-1079-4D8E-A727-55ABB229FB9A}.Debug|Mixed Platforms.Build.0 = Debug|Any CPU
		{18F19135-1079-4D8E-A727-55ABB229FB9A}.Debug|x86.ActiveCfg = Debug|Any CPU
		{18F19135-1079-4D8E-A727-55ABB229FB9A}.Debug|x86.Build.0 = Debug|Any CPU
		{18F19135-1079-4D8E-A727-55ABB229FB9A}.Release|Any CPU.ActiveCfg = Release|Any CPU
		{18F19135-1079-4D8E-A727-55ABB229FB9A}.Release|Any CPU.Build.0 = Release|Any CPU
		{18F19135-1079-4D8E-A727-55ABB229FB9A}.Release|Mixed Platforms.ActiveCfg = Release|Any CPU
		{18F19135-1079-4D8E-A727-55ABB229FB9A}.Release|Mixed Platforms.Build.0 = Release|Any CPU
		{18F19135-1079-4D8E-A727-55ABB229FB9A}.Release|x86.ActiveCfg = Release|Any CPU
		{18F19135-1079-4D8E-A727-55ABB229FB9A}.Release|x86.Build.0 = Release|Any CPU
		{E0879C6E-0A93-410B-B722-767A28C1FAAB}.Debug|Any CPU.ActiveCfg = Debug|Any CPU
		{E0879C6E-0A93-410B-B722-767A28C1FAAB}.Debug|Any CPU.Build.0 = Debug|Any CPU
		{E0879C6E-0A93-410B-B722-767A28C1FAAB}.Debug|Mixed Platforms.ActiveCfg = Debug|Any CPU
		{E0879C6E-0A93-410B-B722-767A28C1FAAB}.Debug|Mixed Platforms.Build.0 = Debug|Any CPU
		{E0879C6E-0A93-410B-B722-767A28C1FAAB}.Debug|x86.ActiveCfg = Debug|Any CPU
		{E0879C6E-0A93-410B-B722-767A28C1FAAB}.Debug|x86.Build.0 = Debug|Any CPU
		{E0879C6E-0A93-410B-B722-767A28C1FAAB}.Release|Any CPU.ActiveCfg = Release|Any CPU
		{E0879C6E-0A93-410B-B722-767A28C1FAAB}.Release|Any CPU.Build.0 = Release|Any CPU
		{E0879C6E-0A93-410B-B722-767A28C1FAAB}.Release|Mixed Platforms.ActiveCfg = Release|Any CPU
		{E0879C6E-0A93-410B-B722-767A28C1FAAB}.Release|Mixed Platforms.Build.0 = Release|Any CPU
		{E0879C6E-0A93-410B-B722-767A28C1FAAB}.Release|x86.ActiveCfg = Release|Any CPU
		{E0879C6E-0A93-410B-B722-767A28C1FAAB}.Release|x86.Build.0 = Release|Any CPU
	EndGlobalSection
	GlobalSection(SolutionProperties) = preSolution
		HideSolutionNode = FALSE
	EndGlobalSection
	GlobalSection(NestedProjects) = preSolution
		{00185612-D22A-4DF4-A611-E3D81D8F07EA} = {3EBA103C-E2F8-4CF7-A7BB-EDBA99AD8F00}
		{657162D8-6B94-42CE-B2A7-782491502956} = {E3A45AFF-AD9D-4BD5-94B0-26B9ED4EBEBB}
		{A813582F-A520-4F1F-9ACD-EFAD0D69E19F} = {E3A45AFF-AD9D-4BD5-94B0-26B9ED4EBEBB}
		{FFA0B7E0-9A73-48A0-A72E-78220D4BB00A} = {E3A45AFF-AD9D-4BD5-94B0-26B9ED4EBEBB}
		{9CD9C7A9-899B-4C85-A257-F974B2824690} = {61651F59-88EC-41D7-B299-01EA05C0826A}
		{59A477AF-1487-45E4-B9F0-D27CBC15FA98} = {61651F59-88EC-41D7-B299-01EA05C0826A}
		{E9E6B579-3D13-4E91-8E0A-B2C5C810F154} = {61651F59-88EC-41D7-B299-01EA05C0826A}
		{18F19135-1079-4D8E-A727-55ABB229FB9A} = {3EBA103C-E2F8-4CF7-A7BB-EDBA99AD8F00}
		{E0879C6E-0A93-410B-B722-767A28C1FAAB} = {61651F59-88EC-41D7-B299-01EA05C0826A}
	EndGlobalSection
EndGlobal
